packages:
  axi:
    revision: da423834b45f2e1878ecb28a11dc5b72b437f9c1
    version: 0.39.1-beta
    source:
      Git: https://github.com/pulp-platform/axi.git
    dependencies:
    - common_cells
    - common_verification
    - tech_cells_generic
  common_cells:
    revision: 03d98106aa19952a10360d2230def85144a0008b
    version: 2.0.0-beta.2
    source:
      Git: https://github.com/pulp-platform/common_cells.git
    dependencies:
    - common_verification
    - tech_cells_generic
  common_verification:
    revision: fb1885f48ea46164a10568aeff51884389f67ae3
    version: 0.2.5
    source:
      Git: https://github.com/pulp-platform/common_verification.git
    dependencies: []
  core_ips:
    revision: 5cc30f0da57c7a7168452c1e30f96d158ccfa016
    version: null
    source:
      Git: https://github.com/pulp-platform/core_ips.git
    dependencies:
    - axi
    - common_cells
    - fpnew
    - reqrsp_interface
  fpnew:
    revision: 45f273e95ccc5123a2c3d4d02c9b62f73385fd8f
    version: null
    source:
      Git: https://github.com/pulp-platform/cvfpu.git
    dependencies:
    - common_cells
    - fpu_div_sqrt_mvp
  fpu_div_sqrt_mvp:
    revision: af8562ebfe4a18765ed7a4f059861e7985baa869
    version: null
    source:
      Git: https://github.com/pulp-platform/fpu_div_sqrt_mvp.git
    dependencies:
    - common_cells
  reqrsp_interface:
    revision: null
    version: null
    source:
      Path: hw/ip/reqrsp_interface
    dependencies:
    - axi
    - common_cells
    - tech_cells_generic
  snitch:
    revision: null
    version: null
    source:
      Path: hw/ip/snitch
    dependencies:
    - common_cells
    - tech_cells_generic
  tech_cells_generic:
    revision: 3a3de73632a06826b1bd9c65a0a2e92b32016845
    version: 0.2.14
    source:
      Git: https://github.com/pulp-platform/tech_cells_generic.git
    dependencies:
    - common_verification
